// !$*UTF8*$!
{
	archiveVersion = 1;
	classes = {
	};
	objectVersion = 55;
	objects = {

/* Begin PBXBuildFile section */
		CD017A962912DEAC006699E7 /* TaggedView.swift in Sources */ = {isa = PBXBuildFile; fileRef = CD017A952912DEAC006699E7 /* TaggedView.swift */; };
		CD017A992912DF5F006699E7 /* View+Extensions.swift in Sources */ = {isa = PBXBuildFile; fileRef = CD017A982912DF5F006699E7 /* View+Extensions.swift */; };
		CD017A9B291409F3006699E7 /* Array+Extensions.swift in Sources */ = {isa = PBXBuildFile; fileRef = CD017A9A291409F3006699E7 /* Array+Extensions.swift */; };
		CD034D3728D1CE7E00106D65 /* AddRemainderUITests.swift in Sources */ = {isa = PBXBuildFile; fileRef = CD034D3628D1CE7E00106D65 /* AddRemainderUITests.swift */; };
		CD034D4128D1E18400106D65 /* OnboardingRouter.swift in Sources */ = {isa = PBXBuildFile; fileRef = E67EF1E328C257590032A747 /* OnboardingRouter.swift */; };
		CD034D4228D1E18E00106D65 /* AppConfig.swift in Sources */ = {isa = PBXBuildFile; fileRef = E67EF1C528C255590032A747 /* AppConfig.swift */; };
		CD034D4428D1E19F00106D65 /* OnboardingFeatureView.swift in Sources */ = {isa = PBXBuildFile; fileRef = E6E28D0328CA322B00300FC1 /* OnboardingFeatureView.swift */; };
		CD034D4528D1E1B400106D65 /* HomeRouter.swift in Sources */ = {isa = PBXBuildFile; fileRef = E67EF1D728C256A30032A747 /* HomeRouter.swift */; };
		CD034D4628D1E1BB00106D65 /* HomePresenter.swift in Sources */ = {isa = PBXBuildFile; fileRef = E67EF1D928C256C50032A747 /* HomePresenter.swift */; };
		CD034D4728D1E1C300106D65 /* BaseRouter.swift in Sources */ = {isa = PBXBuildFile; fileRef = E67EF1CB28C255D90032A747 /* BaseRouter.swift */; };
		CD034D4828D1E1C700106D65 /* BasePresenter.swift in Sources */ = {isa = PBXBuildFile; fileRef = E67EF1CD28C255E80032A747 /* BasePresenter.swift */; };
		CD034D4928D1E1CD00106D65 /* UINavigation+Extensions.swift in Sources */ = {isa = PBXBuildFile; fileRef = E67EF1D028C256250032A747 /* UINavigation+Extensions.swift */; };
		CD1653AF28D9E8FC003BFD49 /* SettingViewModel.swift in Sources */ = {isa = PBXBuildFile; fileRef = CD1653AE28D9E8FC003BFD49 /* SettingViewModel.swift */; };
		CD3748B628D370730049E01F /* SettingsView.swift in Sources */ = {isa = PBXBuildFile; fileRef = CD3748B528D370730049E01F /* SettingsView.swift */; };
		CD66D56228F41D57000A6036 /* WebViewSettingPage.swift in Sources */ = {isa = PBXBuildFile; fileRef = CD66D56128F41D57000A6036 /* WebViewSettingPage.swift */; };
		CD86545528D07041001CB65D /* CoreDataTest.swift in Sources */ = {isa = PBXBuildFile; fileRef = CD86545428D07041001CB65D /* CoreDataTest.swift */; };
		CD86545928D074BB001CB65D /* CoreDataStack.swift in Sources */ = {isa = PBXBuildFile; fileRef = CD86545828D074BB001CB65D /* CoreDataStack.swift */; };
		CD86545C28D0B520001CB65D /* OnboardingViewModelTest.swift in Sources */ = {isa = PBXBuildFile; fileRef = CD86545B28D0B520001CB65D /* OnboardingViewModelTest.swift */; };
		CD86545E28D0B895001CB65D /* OnboardingRouterTest.swift in Sources */ = {isa = PBXBuildFile; fileRef = CD86545D28D0B895001CB65D /* OnboardingRouterTest.swift */; };
		CD8CB1E728E447D600354F3B /* HapticsManager.swift in Sources */ = {isa = PBXBuildFile; fileRef = CD8CB1E628E447D600354F3B /* HapticsManager.swift */; };
		CD94039228ED97FB005652A2 /* KeyboardResponder.swift in Sources */ = {isa = PBXBuildFile; fileRef = CD94039128ED97FB005652A2 /* KeyboardResponder.swift */; };
		CD94039428ED997D005652A2 /* UIApplication+Extensions.swift in Sources */ = {isa = PBXBuildFile; fileRef = CD94039328ED997D005652A2 /* UIApplication+Extensions.swift */; };
		CD94039628EDDB3C005652A2 /* InlineWidgetView.swift in Sources */ = {isa = PBXBuildFile; fileRef = CD94039528EDDB3C005652A2 /* InlineWidgetView.swift */; };
		CD94039728EDDBE2005652A2 /* InlineWidgetView.swift in Sources */ = {isa = PBXBuildFile; fileRef = CD94039528EDDB3C005652A2 /* InlineWidgetView.swift */; };
		CD94039928EDDC00005652A2 /* CircuralWidgetView.swift in Sources */ = {isa = PBXBuildFile; fileRef = CD94039828EDDC00005652A2 /* CircuralWidgetView.swift */; };
		CD94039A28EDDC00005652A2 /* CircuralWidgetView.swift in Sources */ = {isa = PBXBuildFile; fileRef = CD94039828EDDC00005652A2 /* CircuralWidgetView.swift */; };
		CDAAA76828E6F956003FABBD /* ReminderWidgetView.swift in Sources */ = {isa = PBXBuildFile; fileRef = CDAAA76628E6F94E003FABBD /* ReminderWidgetView.swift */; };
		CDAAA76928E70353003FABBD /* ReminderWidgetView.swift in Sources */ = {isa = PBXBuildFile; fileRef = CDAAA76628E6F94E003FABBD /* ReminderWidgetView.swift */; };
		CDBDEDEF290BCBBD005D87CC /* RemindersNotificationsView.swift in Sources */ = {isa = PBXBuildFile; fileRef = CDBDEDEE290BCBBD005D87CC /* RemindersNotificationsView.swift */; };
		CDBDEDF2290BE5B4005D87CC /* MedicineReminderMapping.swift in Sources */ = {isa = PBXBuildFile; fileRef = CDBDEDF1290BE5B4005D87CC /* MedicineReminderMapping.swift */; };
		CDBDEDF8290FB9A3005D87CC /* MedicineReminderMapingModel.xcmappingmodel in Sources */ = {isa = PBXBuildFile; fileRef = CDBDEDF7290FB9A3005D87CC /* MedicineReminderMapingModel.xcmappingmodel */; };
		CDBDEDFE290FFE58005D87CC /* TimePickerOverlay.swift in Sources */ = {isa = PBXBuildFile; fileRef = CDBDEDFD290FFE58005D87CC /* TimePickerOverlay.swift */; };
		CDCB9CFE28E5BBF200973060 /* WidgetKit.framework in Frameworks */ = {isa = PBXBuildFile; fileRef = CDCB9CFD28E5BBF200973060 /* WidgetKit.framework */; };
		CDCB9D0028E5BBF200973060 /* SwiftUI.framework in Frameworks */ = {isa = PBXBuildFile; fileRef = CDCB9CFF28E5BBF200973060 /* SwiftUI.framework */; };
		CDCB9D0328E5BBF200973060 /* RymWidget.swift in Sources */ = {isa = PBXBuildFile; fileRef = CDCB9D0228E5BBF200973060 /* RymWidget.swift */; };
		CDCB9D0528E5BBF300973060 /* Assets.xcassets in Resources */ = {isa = PBXBuildFile; fileRef = CDCB9D0428E5BBF300973060 /* Assets.xcassets */; };
		CDCB9D0928E5BBF300973060 /* com.rym.widgetExtension.appex in Embed Foundation Extensions */ = {isa = PBXBuildFile; fileRef = CDCB9CFB28E5BBF200973060 /* com.rym.widgetExtension.appex */; settings = {ATTRIBUTES = (RemoveHeadersOnCopy, ); }; };
		CDCB9D1028E5C32A00973060 /* RYM.xcdatamodeld in Sources */ = {isa = PBXBuildFile; fileRef = E67EF19A28C24D3F0032A747 /* RYM.xcdatamodeld */; };
		CDCB9D1328E5C73500973060 /* RYMWidgetView.swift in Sources */ = {isa = PBXBuildFile; fileRef = CDCB9D1128E5C65200973060 /* RYMWidgetView.swift */; };
		CDCB9D1428E5C83D00973060 /* RYMWidgetView.swift in Sources */ = {isa = PBXBuildFile; fileRef = CDCB9D1128E5C65200973060 /* RYMWidgetView.swift */; };
		CDCB9D1528E5C8F300973060 /* CoreDataStack.swift in Sources */ = {isa = PBXBuildFile; fileRef = CD86545828D074BB001CB65D /* CoreDataStack.swift */; };
		E625F32F28CF2FF000D24337 /* ReminderViewModelTest.swift in Sources */ = {isa = PBXBuildFile; fileRef = E625F32E28CF2FF000D24337 /* ReminderViewModelTest.swift */; };
		E673795128C5E5AA00C785F2 /* RemainderViewService.swift in Sources */ = {isa = PBXBuildFile; fileRef = E673795028C5E5AA00C785F2 /* RemainderViewService.swift */; };
		E673795328C5E79400C785F2 /* AddNewRemainder.swift in Sources */ = {isa = PBXBuildFile; fileRef = E673795228C5E79400C785F2 /* AddNewRemainder.swift */; };
		E673795F28C641EF00C785F2 /* MedicineReminderCard.swift in Sources */ = {isa = PBXBuildFile; fileRef = E673795E28C641EF00C785F2 /* MedicineReminderCard.swift */; };
		E67379A228C8DEF100C785F2 /* Notifications.swift in Sources */ = {isa = PBXBuildFile; fileRef = E67379A128C8DEF100C785F2 /* Notifications.swift */; };
		E67EF19228C24D3F0032A747 /* AppDelegate.swift in Sources */ = {isa = PBXBuildFile; fileRef = E67EF19128C24D3F0032A747 /* AppDelegate.swift */; };
		E67EF19C28C24D3F0032A747 /* RYM.xcdatamodeld in Sources */ = {isa = PBXBuildFile; fileRef = E67EF19A28C24D3F0032A747 /* RYM.xcdatamodeld */; };
		E67EF19E28C24D410032A747 /* Assets.xcassets in Resources */ = {isa = PBXBuildFile; fileRef = E67EF19D28C24D410032A747 /* Assets.xcassets */; };
		E67EF1A128C24D410032A747 /* LaunchScreen.storyboard in Resources */ = {isa = PBXBuildFile; fileRef = E67EF19F28C24D410032A747 /* LaunchScreen.storyboard */; };
		E67EF1AC28C24D410032A747 /* RYMTests.swift in Sources */ = {isa = PBXBuildFile; fileRef = E67EF1AB28C24D410032A747 /* RYMTests.swift */; };
		E67EF1B628C24D410032A747 /* MainScreenTests.swift in Sources */ = {isa = PBXBuildFile; fileRef = E67EF1B528C24D410032A747 /* MainScreenTests.swift */; };
		E67EF1C628C255590032A747 /* AppConfig.swift in Sources */ = {isa = PBXBuildFile; fileRef = E67EF1C528C255590032A747 /* AppConfig.swift */; };
		E67EF1C828C255A50032A747 /* LaunchScreenView.swift in Sources */ = {isa = PBXBuildFile; fileRef = E67EF1C728C255A50032A747 /* LaunchScreenView.swift */; };
		E67EF1CC28C255D90032A747 /* BaseRouter.swift in Sources */ = {isa = PBXBuildFile; fileRef = E67EF1CB28C255D90032A747 /* BaseRouter.swift */; };
		E67EF1CE28C255E80032A747 /* BasePresenter.swift in Sources */ = {isa = PBXBuildFile; fileRef = E67EF1CD28C255E80032A747 /* BasePresenter.swift */; };
		E67EF1D128C256250032A747 /* UINavigation+Extensions.swift in Sources */ = {isa = PBXBuildFile; fileRef = E67EF1D028C256250032A747 /* UINavigation+Extensions.swift */; };
		E67EF1D328C256430032A747 /* UIView+Extensions.swift in Sources */ = {isa = PBXBuildFile; fileRef = E67EF1D228C256430032A747 /* UIView+Extensions.swift */; };
		E67EF1D628C256900032A747 /* HomeViewController.swift in Sources */ = {isa = PBXBuildFile; fileRef = E67EF1D528C256900032A747 /* HomeViewController.swift */; };
		E67EF1D828C256A30032A747 /* HomeRouter.swift in Sources */ = {isa = PBXBuildFile; fileRef = E67EF1D728C256A30032A747 /* HomeRouter.swift */; };
		E67EF1DA28C256C50032A747 /* HomePresenter.swift in Sources */ = {isa = PBXBuildFile; fileRef = E67EF1D928C256C50032A747 /* HomePresenter.swift */; };
		E67EF1DD28C256F50032A747 /* RemaindersListView.swift in Sources */ = {isa = PBXBuildFile; fileRef = E67EF1DC28C256F50032A747 /* RemaindersListView.swift */; };
		E67EF1E028C257220032A747 /* OnboardingView.swift in Sources */ = {isa = PBXBuildFile; fileRef = E67EF1DF28C257220032A747 /* OnboardingView.swift */; };
		E67EF1E228C2573F0032A747 /* OnboardingViewModel.swift in Sources */ = {isa = PBXBuildFile; fileRef = E67EF1E128C2573F0032A747 /* OnboardingViewModel.swift */; };
		E67EF1E428C257590032A747 /* OnboardingRouter.swift in Sources */ = {isa = PBXBuildFile; fileRef = E67EF1E328C257590032A747 /* OnboardingRouter.swift */; };
		E6E28D0428CA322B00300FC1 /* OnboardingFeatureView.swift in Sources */ = {isa = PBXBuildFile; fileRef = E6E28D0328CA322B00300FC1 /* OnboardingFeatureView.swift */; };
/* End PBXBuildFile section */

/* Begin PBXContainerItemProxy section */
		CDCB9D0728E5BBF300973060 /* PBXContainerItemProxy */ = {
			isa = PBXContainerItemProxy;
			containerPortal = E67EF18628C24D3F0032A747 /* Project object */;
			proxyType = 1;
			remoteGlobalIDString = CDCB9CFA28E5BBF200973060;
			remoteInfo = com.rym.widgetExtension;
		};
		E67EF1A828C24D410032A747 /* PBXContainerItemProxy */ = {
			isa = PBXContainerItemProxy;
			containerPortal = E67EF18628C24D3F0032A747 /* Project object */;
			proxyType = 1;
			remoteGlobalIDString = E67EF18D28C24D3F0032A747;
			remoteInfo = RYM;
		};
		E67EF1B228C24D410032A747 /* PBXContainerItemProxy */ = {
			isa = PBXContainerItemProxy;
			containerPortal = E67EF18628C24D3F0032A747 /* Project object */;
			proxyType = 1;
			remoteGlobalIDString = E67EF18D28C24D3F0032A747;
			remoteInfo = RYM;
		};
/* End PBXContainerItemProxy section */

/* Begin PBXCopyFilesBuildPhase section */
		CDCB9D0A28E5BBF300973060 /* Embed Foundation Extensions */ = {
			isa = PBXCopyFilesBuildPhase;
			buildActionMask = 2147483647;
			dstPath = "";
			dstSubfolderSpec = 13;
			files = (
				CDCB9D0928E5BBF300973060 /* com.rym.widgetExtension.appex in Embed Foundation Extensions */,
			);
			name = "Embed Foundation Extensions";
			runOnlyForDeploymentPostprocessing = 0;
		};
/* End PBXCopyFilesBuildPhase section */

/* Begin PBXFileReference section */
		CD017A952912DEAC006699E7 /* TaggedView.swift */ = {isa = PBXFileReference; lastKnownFileType = sourcecode.swift; path = TaggedView.swift; sourceTree = "<group>"; };
		CD017A982912DF5F006699E7 /* View+Extensions.swift */ = {isa = PBXFileReference; lastKnownFileType = sourcecode.swift; path = "View+Extensions.swift"; sourceTree = "<group>"; };
		CD017A9A291409F3006699E7 /* Array+Extensions.swift */ = {isa = PBXFileReference; lastKnownFileType = sourcecode.swift; path = "Array+Extensions.swift"; sourceTree = "<group>"; };
		CD034D3628D1CE7E00106D65 /* AddRemainderUITests.swift */ = {isa = PBXFileReference; lastKnownFileType = sourcecode.swift; path = AddRemainderUITests.swift; sourceTree = "<group>"; };
		CD1653AE28D9E8FC003BFD49 /* SettingViewModel.swift */ = {isa = PBXFileReference; lastKnownFileType = sourcecode.swift; path = SettingViewModel.swift; sourceTree = "<group>"; };
		CD3748B528D370730049E01F /* SettingsView.swift */ = {isa = PBXFileReference; lastKnownFileType = sourcecode.swift; path = SettingsView.swift; sourceTree = "<group>"; };
		CD66D56128F41D57000A6036 /* WebViewSettingPage.swift */ = {isa = PBXFileReference; lastKnownFileType = sourcecode.swift; path = WebViewSettingPage.swift; sourceTree = "<group>"; };
		CD86545428D07041001CB65D /* CoreDataTest.swift */ = {isa = PBXFileReference; lastKnownFileType = sourcecode.swift; path = CoreDataTest.swift; sourceTree = "<group>"; };
		CD86545828D074BB001CB65D /* CoreDataStack.swift */ = {isa = PBXFileReference; lastKnownFileType = sourcecode.swift; path = CoreDataStack.swift; sourceTree = "<group>"; };
		CD86545B28D0B520001CB65D /* OnboardingViewModelTest.swift */ = {isa = PBXFileReference; lastKnownFileType = sourcecode.swift; path = OnboardingViewModelTest.swift; sourceTree = "<group>"; };
		CD86545D28D0B895001CB65D /* OnboardingRouterTest.swift */ = {isa = PBXFileReference; lastKnownFileType = sourcecode.swift; path = OnboardingRouterTest.swift; sourceTree = "<group>"; };
		CD8CB1E628E447D600354F3B /* HapticsManager.swift */ = {isa = PBXFileReference; lastKnownFileType = sourcecode.swift; path = HapticsManager.swift; sourceTree = "<group>"; };
		CD94039128ED97FB005652A2 /* KeyboardResponder.swift */ = {isa = PBXFileReference; lastKnownFileType = sourcecode.swift; path = KeyboardResponder.swift; sourceTree = "<group>"; };
		CD94039328ED997D005652A2 /* UIApplication+Extensions.swift */ = {isa = PBXFileReference; lastKnownFileType = sourcecode.swift; path = "UIApplication+Extensions.swift"; sourceTree = "<group>"; };
		CD94039528EDDB3C005652A2 /* InlineWidgetView.swift */ = {isa = PBXFileReference; lastKnownFileType = sourcecode.swift; path = InlineWidgetView.swift; sourceTree = "<group>"; };
		CD94039828EDDC00005652A2 /* CircuralWidgetView.swift */ = {isa = PBXFileReference; lastKnownFileType = sourcecode.swift; path = CircuralWidgetView.swift; sourceTree = "<group>"; };
		CDAAA76628E6F94E003FABBD /* ReminderWidgetView.swift */ = {isa = PBXFileReference; lastKnownFileType = sourcecode.swift; path = ReminderWidgetView.swift; sourceTree = "<group>"; };
		CDBDEDEE290BCBBD005D87CC /* RemindersNotificationsView.swift */ = {isa = PBXFileReference; lastKnownFileType = sourcecode.swift; path = RemindersNotificationsView.swift; sourceTree = "<group>"; };
		CDBDEDF0290BCE62005D87CC /* RYM 2.xcdatamodel */ = {isa = PBXFileReference; lastKnownFileType = wrapper.xcdatamodel; path = "RYM 2.xcdatamodel"; sourceTree = "<group>"; };
		CDBDEDF1290BE5B4005D87CC /* MedicineReminderMapping.swift */ = {isa = PBXFileReference; lastKnownFileType = sourcecode.swift; path = MedicineReminderMapping.swift; sourceTree = "<group>"; };
		CDBDEDF7290FB9A3005D87CC /* MedicineReminderMapingModel.xcmappingmodel */ = {isa = PBXFileReference; lastKnownFileType = wrapper.xcmappingmodel; path = MedicineReminderMapingModel.xcmappingmodel; sourceTree = "<group>"; };
		CDBDEDFD290FFE58005D87CC /* TimePickerOverlay.swift */ = {isa = PBXFileReference; lastKnownFileType = sourcecode.swift; path = TimePickerOverlay.swift; sourceTree = "<group>"; };
		CDCB9CFB28E5BBF200973060 /* com.rym.widgetExtension.appex */ = {isa = PBXFileReference; explicitFileType = "wrapper.app-extension"; includeInIndex = 0; path = com.rym.widgetExtension.appex; sourceTree = BUILT_PRODUCTS_DIR; };
		CDCB9CFD28E5BBF200973060 /* WidgetKit.framework */ = {isa = PBXFileReference; lastKnownFileType = wrapper.framework; name = WidgetKit.framework; path = System/Library/Frameworks/WidgetKit.framework; sourceTree = SDKROOT; };
		CDCB9CFF28E5BBF200973060 /* SwiftUI.framework */ = {isa = PBXFileReference; lastKnownFileType = wrapper.framework; name = SwiftUI.framework; path = System/Library/Frameworks/SwiftUI.framework; sourceTree = SDKROOT; };
		CDCB9D0228E5BBF200973060 /* RymWidget.swift */ = {isa = PBXFileReference; lastKnownFileType = sourcecode.swift; path = RymWidget.swift; sourceTree = "<group>"; };
		CDCB9D0428E5BBF300973060 /* Assets.xcassets */ = {isa = PBXFileReference; lastKnownFileType = folder.assetcatalog; path = Assets.xcassets; sourceTree = "<group>"; };
		CDCB9D0628E5BBF300973060 /* Info.plist */ = {isa = PBXFileReference; lastKnownFileType = text.plist.xml; path = Info.plist; sourceTree = "<group>"; };
		CDCB9D0E28E5BCB100973060 /* RYM.entitlements */ = {isa = PBXFileReference; lastKnownFileType = text.plist.entitlements; path = RYM.entitlements; sourceTree = "<group>"; };
		CDCB9D0F28E5BCC200973060 /* com.rym.widgetExtension.entitlements */ = {isa = PBXFileReference; lastKnownFileType = text.plist.entitlements; path = com.rym.widgetExtension.entitlements; sourceTree = "<group>"; };
		CDCB9D1128E5C65200973060 /* RYMWidgetView.swift */ = {isa = PBXFileReference; lastKnownFileType = sourcecode.swift; path = RYMWidgetView.swift; sourceTree = "<group>"; };
		E625F32E28CF2FF000D24337 /* ReminderViewModelTest.swift */ = {isa = PBXFileReference; lastKnownFileType = sourcecode.swift; path = ReminderViewModelTest.swift; sourceTree = "<group>"; };
		E673795028C5E5AA00C785F2 /* RemainderViewService.swift */ = {isa = PBXFileReference; lastKnownFileType = sourcecode.swift; path = RemainderViewService.swift; sourceTree = "<group>"; };
		E673795228C5E79400C785F2 /* AddNewRemainder.swift */ = {isa = PBXFileReference; lastKnownFileType = sourcecode.swift; path = AddNewRemainder.swift; sourceTree = "<group>"; };
		E673795E28C641EF00C785F2 /* MedicineReminderCard.swift */ = {isa = PBXFileReference; lastKnownFileType = sourcecode.swift; path = MedicineReminderCard.swift; sourceTree = "<group>"; };
		E67379A128C8DEF100C785F2 /* Notifications.swift */ = {isa = PBXFileReference; lastKnownFileType = sourcecode.swift; path = Notifications.swift; sourceTree = "<group>"; };
		E67EF18E28C24D3F0032A747 /* RYM.app */ = {isa = PBXFileReference; explicitFileType = wrapper.application; includeInIndex = 0; path = RYM.app; sourceTree = BUILT_PRODUCTS_DIR; };
		E67EF19128C24D3F0032A747 /* AppDelegate.swift */ = {isa = PBXFileReference; lastKnownFileType = sourcecode.swift; path = AppDelegate.swift; sourceTree = "<group>"; };
		E67EF19B28C24D3F0032A747 /* RYM.xcdatamodel */ = {isa = PBXFileReference; lastKnownFileType = wrapper.xcdatamodel; path = RYM.xcdatamodel; sourceTree = "<group>"; };
		E67EF19D28C24D410032A747 /* Assets.xcassets */ = {isa = PBXFileReference; lastKnownFileType = folder.assetcatalog; path = Assets.xcassets; sourceTree = "<group>"; };
		E67EF1A028C24D410032A747 /* Base */ = {isa = PBXFileReference; lastKnownFileType = file.storyboard; name = Base; path = Base.lproj/LaunchScreen.storyboard; sourceTree = "<group>"; };
		E67EF1A228C24D410032A747 /* Info.plist */ = {isa = PBXFileReference; lastKnownFileType = text.plist.xml; path = Info.plist; sourceTree = "<group>"; };
		E67EF1A728C24D410032A747 /* RYMTests.xctest */ = {isa = PBXFileReference; explicitFileType = wrapper.cfbundle; includeInIndex = 0; path = RYMTests.xctest; sourceTree = BUILT_PRODUCTS_DIR; };
		E67EF1AB28C24D410032A747 /* RYMTests.swift */ = {isa = PBXFileReference; lastKnownFileType = sourcecode.swift; path = RYMTests.swift; sourceTree = "<group>"; };
		E67EF1B128C24D410032A747 /* RYMUITests.xctest */ = {isa = PBXFileReference; explicitFileType = wrapper.cfbundle; includeInIndex = 0; path = RYMUITests.xctest; sourceTree = BUILT_PRODUCTS_DIR; };
		E67EF1B528C24D410032A747 /* MainScreenTests.swift */ = {isa = PBXFileReference; lastKnownFileType = sourcecode.swift; path = MainScreenTests.swift; sourceTree = "<group>"; };
		E67EF1C528C255590032A747 /* AppConfig.swift */ = {isa = PBXFileReference; lastKnownFileType = sourcecode.swift; path = AppConfig.swift; sourceTree = "<group>"; };
		E67EF1C728C255A50032A747 /* LaunchScreenView.swift */ = {isa = PBXFileReference; lastKnownFileType = sourcecode.swift; path = LaunchScreenView.swift; sourceTree = "<group>"; };
		E67EF1CB28C255D90032A747 /* BaseRouter.swift */ = {isa = PBXFileReference; lastKnownFileType = sourcecode.swift; path = BaseRouter.swift; sourceTree = "<group>"; };
		E67EF1CD28C255E80032A747 /* BasePresenter.swift */ = {isa = PBXFileReference; lastKnownFileType = sourcecode.swift; path = BasePresenter.swift; sourceTree = "<group>"; };
		E67EF1D028C256250032A747 /* UINavigation+Extensions.swift */ = {isa = PBXFileReference; lastKnownFileType = sourcecode.swift; path = "UINavigation+Extensions.swift"; sourceTree = "<group>"; };
		E67EF1D228C256430032A747 /* UIView+Extensions.swift */ = {isa = PBXFileReference; lastKnownFileType = sourcecode.swift; path = "UIView+Extensions.swift"; sourceTree = "<group>"; };
		E67EF1D528C256900032A747 /* HomeViewController.swift */ = {isa = PBXFileReference; lastKnownFileType = sourcecode.swift; path = HomeViewController.swift; sourceTree = "<group>"; };
		E67EF1D728C256A30032A747 /* HomeRouter.swift */ = {isa = PBXFileReference; lastKnownFileType = sourcecode.swift; path = HomeRouter.swift; sourceTree = "<group>"; };
		E67EF1D928C256C50032A747 /* HomePresenter.swift */ = {isa = PBXFileReference; lastKnownFileType = sourcecode.swift; path = HomePresenter.swift; sourceTree = "<group>"; };
		E67EF1DC28C256F50032A747 /* RemaindersListView.swift */ = {isa = PBXFileReference; lastKnownFileType = sourcecode.swift; path = RemaindersListView.swift; sourceTree = "<group>"; };
		E67EF1DF28C257220032A747 /* OnboardingView.swift */ = {isa = PBXFileReference; lastKnownFileType = sourcecode.swift; path = OnboardingView.swift; sourceTree = "<group>"; };
		E67EF1E128C2573F0032A747 /* OnboardingViewModel.swift */ = {isa = PBXFileReference; lastKnownFileType = sourcecode.swift; path = OnboardingViewModel.swift; sourceTree = "<group>"; };
		E67EF1E328C257590032A747 /* OnboardingRouter.swift */ = {isa = PBXFileReference; lastKnownFileType = sourcecode.swift; path = OnboardingRouter.swift; sourceTree = "<group>"; };
		E6E28D0328CA322B00300FC1 /* OnboardingFeatureView.swift */ = {isa = PBXFileReference; lastKnownFileType = sourcecode.swift; path = OnboardingFeatureView.swift; sourceTree = "<group>"; };
/* End PBXFileReference section */

/* Begin PBXFrameworksBuildPhase section */
		CDCB9CF828E5BBF200973060 /* Frameworks */ = {
			isa = PBXFrameworksBuildPhase;
			buildActionMask = 2147483647;
			files = (
				CDCB9D0028E5BBF200973060 /* SwiftUI.framework in Frameworks */,
				CDCB9CFE28E5BBF200973060 /* WidgetKit.framework in Frameworks */,
			);
			runOnlyForDeploymentPostprocessing = 0;
		};
		E67EF18B28C24D3F0032A747 /* Frameworks */ = {
			isa = PBXFrameworksBuildPhase;
			buildActionMask = 2147483647;
			files = (
			);
			runOnlyForDeploymentPostprocessing = 0;
		};
		E67EF1A428C24D410032A747 /* Frameworks */ = {
			isa = PBXFrameworksBuildPhase;
			buildActionMask = 2147483647;
			files = (
			);
			runOnlyForDeploymentPostprocessing = 0;
		};
		E67EF1AE28C24D410032A747 /* Frameworks */ = {
			isa = PBXFrameworksBuildPhase;
			buildActionMask = 2147483647;
			files = (
			);
			runOnlyForDeploymentPostprocessing = 0;
		};
/* End PBXFrameworksBuildPhase section */

/* Begin PBXGroup section */
		CD034D5128D2186E00106D65 /* settings */ = {
			isa = PBXGroup;
			children = (
				CD66D56028F41D3D000A6036 /* supplimentary */,
				CD1653AE28D9E8FC003BFD49 /* SettingViewModel.swift */,
				CD3748B528D370730049E01F /* SettingsView.swift */,
			);
			path = settings;
			sourceTree = "<group>";
		};
		CD66D56028F41D3D000A6036 /* supplimentary */ = {
			isa = PBXGroup;
			children = (
				CD66D56128F41D57000A6036 /* WebViewSettingPage.swift */,
			);
			path = supplimentary;
			sourceTree = "<group>";
		};
		CDBDEDED290BCB8E005D87CC /* supplimentary */ = {
			isa = PBXGroup;
			children = (
				CDBDEDEE290BCBBD005D87CC /* RemindersNotificationsView.swift */,
				CDBDEDFD290FFE58005D87CC /* TimePickerOverlay.swift */,
			);
			path = supplimentary;
			sourceTree = "<group>";
		};
		CDCB9CFC28E5BBF200973060 /* Frameworks */ = {
			isa = PBXGroup;
			children = (
				CDCB9CFD28E5BBF200973060 /* WidgetKit.framework */,
				CDCB9CFF28E5BBF200973060 /* SwiftUI.framework */,
			);
			name = Frameworks;
			sourceTree = "<group>";
		};
		CDCB9D0128E5BBF200973060 /* com.rym.widget */ = {
			isa = PBXGroup;
			children = (
				CDCB9D1628E6F8D700973060 /* supplimentary */,
				CDCB9D0228E5BBF200973060 /* RymWidget.swift */,
				CDCB9D0428E5BBF300973060 /* Assets.xcassets */,
				CDCB9D0628E5BBF300973060 /* Info.plist */,
			);
			path = com.rym.widget;
			sourceTree = "<group>";
		};
		CDCB9D1628E6F8D700973060 /* supplimentary */ = {
			isa = PBXGroup;
			children = (
				CDCB9D1128E5C65200973060 /* RYMWidgetView.swift */,
				CDAAA76628E6F94E003FABBD /* ReminderWidgetView.swift */,
				CD94039528EDDB3C005652A2 /* InlineWidgetView.swift */,
				CD94039828EDDC00005652A2 /* CircuralWidgetView.swift */,
			);
			path = supplimentary;
			sourceTree = "<group>";
		};
		E673795928C61A0E00C785F2 /* addMedicine */ = {
			isa = PBXGroup;
			children = (
				CDBDEDED290BCB8E005D87CC /* supplimentary */,
				E673795228C5E79400C785F2 /* AddNewRemainder.swift */,
			);
			path = addMedicine;
			sourceTree = "<group>";
		};
		E673795D28C641B100C785F2 /* supplimentary */ = {
			isa = PBXGroup;
			children = (
				E673795E28C641EF00C785F2 /* MedicineReminderCard.swift */,
			);
			path = supplimentary;
			sourceTree = "<group>";
		};
		E67EF18528C24D3F0032A747 = {
			isa = PBXGroup;
			children = (
				CDCB9D0F28E5BCC200973060 /* com.rym.widgetExtension.entitlements */,
				E67EF19028C24D3F0032A747 /* RYM */,
				E67EF1AA28C24D410032A747 /* RYMTests */,
				E67EF1B428C24D410032A747 /* RYMUITests */,
				CDCB9D0128E5BBF200973060 /* com.rym.widget */,
				CDCB9CFC28E5BBF200973060 /* Frameworks */,
				E67EF18F28C24D3F0032A747 /* Products */,
			);
			sourceTree = "<group>";
		};
		E67EF18F28C24D3F0032A747 /* Products */ = {
			isa = PBXGroup;
			children = (
				E67EF18E28C24D3F0032A747 /* RYM.app */,
				E67EF1A728C24D410032A747 /* RYMTests.xctest */,
				E67EF1B128C24D410032A747 /* RYMUITests.xctest */,
				CDCB9CFB28E5BBF200973060 /* com.rym.widgetExtension.appex */,
			);
			name = Products;
			sourceTree = "<group>";
		};
		E67EF19028C24D3F0032A747 /* RYM */ = {
			isa = PBXGroup;
			children = (
				CDCB9D0E28E5BCB100973060 /* RYM.entitlements */,
				E67EF1C428C24EC90032A747 /* app */,
				E67EF1D428C2567E0032A747 /* home */,
				E67EF1DE28C2570A0032A747 /* onboarding */,
				E67EF1DB28C256E60032A747 /* remainderList */,
				CD034D5128D2186E00106D65 /* settings */,
				E673795928C61A0E00C785F2 /* addMedicine */,
				E67EF1C928C255B90032A747 /* core */,
				E67EF19D28C24D410032A747 /* Assets.xcassets */,
				E67EF19F28C24D410032A747 /* LaunchScreen.storyboard */,
				E67EF1A228C24D410032A747 /* Info.plist */,
				E67EF19A28C24D3F0032A747 /* RYM.xcdatamodeld */,
				CDBDEDF7290FB9A3005D87CC /* MedicineReminderMapingModel.xcmappingmodel */,
			);
			path = RYM;
			sourceTree = "<group>";
		};
		E67EF1AA28C24D410032A747 /* RYMTests */ = {
			isa = PBXGroup;
			children = (
				E67EF1AB28C24D410032A747 /* RYMTests.swift */,
				E625F32E28CF2FF000D24337 /* ReminderViewModelTest.swift */,
				CD86545428D07041001CB65D /* CoreDataTest.swift */,
				CD86545B28D0B520001CB65D /* OnboardingViewModelTest.swift */,
				CD86545D28D0B895001CB65D /* OnboardingRouterTest.swift */,
			);
			path = RYMTests;
			sourceTree = "<group>";
		};
		E67EF1B428C24D410032A747 /* RYMUITests */ = {
			isa = PBXGroup;
			children = (
				E67EF1B528C24D410032A747 /* MainScreenTests.swift */,
				CD034D3628D1CE7E00106D65 /* AddRemainderUITests.swift */,
			);
			path = RYMUITests;
			sourceTree = "<group>";
		};
		E67EF1C428C24EC90032A747 /* app */ = {
			isa = PBXGroup;
			children = (
				E67EF19128C24D3F0032A747 /* AppDelegate.swift */,
				E67EF1C528C255590032A747 /* AppConfig.swift */,
				E67EF1C728C255A50032A747 /* LaunchScreenView.swift */,
				CD86545828D074BB001CB65D /* CoreDataStack.swift */,
				CDBDEDF1290BE5B4005D87CC /* MedicineReminderMapping.swift */,
			);
			path = app;
			sourceTree = "<group>";
		};
		E67EF1C928C255B90032A747 /* core */ = {
			isa = PBXGroup;
			children = (
				E67EF1CF28C255FD0032A747 /* extensions */,
				E67EF1CA28C255C10032A747 /* navigation */,
				E67379A128C8DEF100C785F2 /* Notifications.swift */,
				CD8CB1E628E447D600354F3B /* HapticsManager.swift */,
				CD94039128ED97FB005652A2 /* KeyboardResponder.swift */,
				CD017A952912DEAC006699E7 /* TaggedView.swift */,
			);
			path = core;
			sourceTree = "<group>";
		};
		E67EF1CA28C255C10032A747 /* navigation */ = {
			isa = PBXGroup;
			children = (
				E67EF1CB28C255D90032A747 /* BaseRouter.swift */,
				E67EF1CD28C255E80032A747 /* BasePresenter.swift */,
			);
			path = navigation;
			sourceTree = "<group>";
		};
		E67EF1CF28C255FD0032A747 /* extensions */ = {
			isa = PBXGroup;
			children = (
				E67EF1D028C256250032A747 /* UINavigation+Extensions.swift */,
				E67EF1D228C256430032A747 /* UIView+Extensions.swift */,
				CD94039328ED997D005652A2 /* UIApplication+Extensions.swift */,
				CD017A982912DF5F006699E7 /* View+Extensions.swift */,
				CD017A9A291409F3006699E7 /* Array+Extensions.swift */,
			);
			path = extensions;
			sourceTree = "<group>";
		};
		E67EF1D428C2567E0032A747 /* home */ = {
			isa = PBXGroup;
			children = (
				E67EF1D528C256900032A747 /* HomeViewController.swift */,
				E67EF1D928C256C50032A747 /* HomePresenter.swift */,
				E67EF1D728C256A30032A747 /* HomeRouter.swift */,
			);
			path = home;
			sourceTree = "<group>";
		};
		E67EF1DB28C256E60032A747 /* remainderList */ = {
			isa = PBXGroup;
			children = (
				E673795D28C641B100C785F2 /* supplimentary */,
				E673795028C5E5AA00C785F2 /* RemainderViewService.swift */,
				E67EF1DC28C256F50032A747 /* RemaindersListView.swift */,
			);
			path = remainderList;
			sourceTree = "<group>";
		};
		E67EF1DE28C2570A0032A747 /* onboarding */ = {
			isa = PBXGroup;
			children = (
				E6E28D0228CA320C00300FC1 /* supplimentary */,
				E67EF1DF28C257220032A747 /* OnboardingView.swift */,
				E67EF1E128C2573F0032A747 /* OnboardingViewModel.swift */,
				E67EF1E328C257590032A747 /* OnboardingRouter.swift */,
			);
			path = onboarding;
			sourceTree = "<group>";
		};
		E6E28D0228CA320C00300FC1 /* supplimentary */ = {
			isa = PBXGroup;
			children = (
				E6E28D0328CA322B00300FC1 /* OnboardingFeatureView.swift */,
			);
			path = supplimentary;
			sourceTree = "<group>";
		};
/* End PBXGroup section */

/* Begin PBXNativeTarget section */
		CDCB9CFA28E5BBF200973060 /* com.rym.widgetExtension */ = {
			isa = PBXNativeTarget;
			buildConfigurationList = CDCB9D0D28E5BBF300973060 /* Build configuration list for PBXNativeTarget "com.rym.widgetExtension" */;
			buildPhases = (
				CDCB9CF728E5BBF200973060 /* Sources */,
				CDCB9CF828E5BBF200973060 /* Frameworks */,
				CDCB9CF928E5BBF200973060 /* Resources */,
			);
			buildRules = (
			);
			dependencies = (
			);
			name = com.rym.widgetExtension;
			productName = com.rym.widgetExtension;
			productReference = CDCB9CFB28E5BBF200973060 /* com.rym.widgetExtension.appex */;
			productType = "com.apple.product-type.app-extension";
		};
		E67EF18D28C24D3F0032A747 /* RYM */ = {
			isa = PBXNativeTarget;
			buildConfigurationList = E67EF1BB28C24D410032A747 /* Build configuration list for PBXNativeTarget "RYM" */;
			buildPhases = (
				E67EF18A28C24D3F0032A747 /* Sources */,
				E67EF18B28C24D3F0032A747 /* Frameworks */,
				E67EF18C28C24D3F0032A747 /* Resources */,
				E67EF1E528C259160032A747 /* ShellScript */,
				CDCB9D0A28E5BBF300973060 /* Embed Foundation Extensions */,
			);
			buildRules = (
			);
			dependencies = (
				CDCB9D0828E5BBF300973060 /* PBXTargetDependency */,
			);
			name = RYM;
			packageProductDependencies = (
			);
			productName = RYM;
			productReference = E67EF18E28C24D3F0032A747 /* RYM.app */;
			productType = "com.apple.product-type.application";
		};
		E67EF1A628C24D410032A747 /* RYMTests */ = {
			isa = PBXNativeTarget;
			buildConfigurationList = E67EF1BE28C24D410032A747 /* Build configuration list for PBXNativeTarget "RYMTests" */;
			buildPhases = (
				E67EF1A328C24D410032A747 /* Sources */,
				E67EF1A428C24D410032A747 /* Frameworks */,
				E67EF1A528C24D410032A747 /* Resources */,
			);
			buildRules = (
			);
			dependencies = (
				E67EF1A928C24D410032A747 /* PBXTargetDependency */,
			);
			name = RYMTests;
			productName = RYMTests;
			productReference = E67EF1A728C24D410032A747 /* RYMTests.xctest */;
			productType = "com.apple.product-type.bundle.unit-test";
		};
		E67EF1B028C24D410032A747 /* RYMUITests */ = {
			isa = PBXNativeTarget;
			buildConfigurationList = E67EF1C128C24D410032A747 /* Build configuration list for PBXNativeTarget "RYMUITests" */;
			buildPhases = (
				E67EF1AD28C24D410032A747 /* Sources */,
				E67EF1AE28C24D410032A747 /* Frameworks */,
				E67EF1AF28C24D410032A747 /* Resources */,
			);
			buildRules = (
			);
			dependencies = (
				E67EF1B328C24D410032A747 /* PBXTargetDependency */,
			);
			name = RYMUITests;
			packageProductDependencies = (
			);
			productName = RYMUITests;
			productReference = E67EF1B128C24D410032A747 /* RYMUITests.xctest */;
			productType = "com.apple.product-type.bundle.ui-testing";
		};
/* End PBXNativeTarget section */

/* Begin PBXProject section */
		E67EF18628C24D3F0032A747 /* Project object */ = {
			isa = PBXProject;
			attributes = {
				BuildIndependentTargetsInParallel = 1;
				LastSwiftUpdateCheck = 1400;
				LastUpgradeCheck = 1340;
				TargetAttributes = {
					CDCB9CFA28E5BBF200973060 = {
						CreatedOnToolsVersion = 14.0;
					};
					E67EF18D28C24D3F0032A747 = {
						CreatedOnToolsVersion = 13.4.1;
					};
					E67EF1A628C24D410032A747 = {
						CreatedOnToolsVersion = 13.4.1;
						TestTargetID = E67EF18D28C24D3F0032A747;
					};
					E67EF1B028C24D410032A747 = {
						CreatedOnToolsVersion = 13.4.1;
						TestTargetID = E67EF18D28C24D3F0032A747;
					};
				};
			};
			buildConfigurationList = E67EF18928C24D3F0032A747 /* Build configuration list for PBXProject "RYM" */;
			compatibilityVersion = "Xcode 13.0";
			developmentRegion = en;
			hasScannedForEncodings = 0;
			knownRegions = (
				en,
				Base,
			);
			mainGroup = E67EF18528C24D3F0032A747;
			packageReferences = (
			);
			productRefGroup = E67EF18F28C24D3F0032A747 /* Products */;
			projectDirPath = "";
			projectRoot = "";
			targets = (
				E67EF18D28C24D3F0032A747 /* RYM */,
				E67EF1A628C24D410032A747 /* RYMTests */,
				E67EF1B028C24D410032A747 /* RYMUITests */,
				CDCB9CFA28E5BBF200973060 /* com.rym.widgetExtension */,
			);
		};
/* End PBXProject section */

/* Begin PBXResourcesBuildPhase section */
		CDCB9CF928E5BBF200973060 /* Resources */ = {
			isa = PBXResourcesBuildPhase;
			buildActionMask = 2147483647;
			files = (
				CDCB9D0528E5BBF300973060 /* Assets.xcassets in Resources */,
			);
			runOnlyForDeploymentPostprocessing = 0;
		};
		E67EF18C28C24D3F0032A747 /* Resources */ = {
			isa = PBXResourcesBuildPhase;
			buildActionMask = 2147483647;
			files = (
				E67EF1A128C24D410032A747 /* LaunchScreen.storyboard in Resources */,
				E67EF19E28C24D410032A747 /* Assets.xcassets in Resources */,
			);
			runOnlyForDeploymentPostprocessing = 0;
		};
		E67EF1A528C24D410032A747 /* Resources */ = {
			isa = PBXResourcesBuildPhase;
			buildActionMask = 2147483647;
			files = (
			);
			runOnlyForDeploymentPostprocessing = 0;
		};
		E67EF1AF28C24D410032A747 /* Resources */ = {
			isa = PBXResourcesBuildPhase;
			buildActionMask = 2147483647;
			files = (
			);
			runOnlyForDeploymentPostprocessing = 0;
		};
/* End PBXResourcesBuildPhase section */

/* Begin PBXShellScriptBuildPhase section */
		E67EF1E528C259160032A747 /* ShellScript */ = {
			isa = PBXShellScriptBuildPhase;
			alwaysOutOfDate = 1;
			buildActionMask = 2147483647;
			files = (
			);
			inputFileListPaths = (
			);
			inputPaths = (
			);
			outputFileListPaths = (
			);
			outputPaths = (
			);
			runOnlyForDeploymentPostprocessing = 0;
			shellPath = /bin/sh;
			shellScript = "export PATH=\"$PATH:/opt/homebrew/bin\"\nif which swiftlint > /dev/null; then\n  swiftlint\nelse\n  echo \"warning: SwiftLint not installed, download from https://github.com/realm/SwiftLint\"\nfi\n";
		};
/* End PBXShellScriptBuildPhase section */

/* Begin PBXSourcesBuildPhase section */
		CDCB9CF728E5BBF200973060 /* Sources */ = {
			isa = PBXSourcesBuildPhase;
			buildActionMask = 2147483647;
			files = (
				CDCB9D1328E5C73500973060 /* RYMWidgetView.swift in Sources */,
				CD94039728EDDBE2005652A2 /* InlineWidgetView.swift in Sources */,
				CDAAA76828E6F956003FABBD /* ReminderWidgetView.swift in Sources */,
				CDCB9D1028E5C32A00973060 /* RYM.xcdatamodeld in Sources */,
				CDCB9D0328E5BBF200973060 /* RymWidget.swift in Sources */,
				CD94039A28EDDC00005652A2 /* CircuralWidgetView.swift in Sources */,
				CDCB9D1528E5C8F300973060 /* CoreDataStack.swift in Sources */,
			);
			runOnlyForDeploymentPostprocessing = 0;
		};
		E67EF18A28C24D3F0032A747 /* Sources */ = {
			isa = PBXSourcesBuildPhase;
			buildActionMask = 2147483647;
			files = (
				CD66D56228F41D57000A6036 /* WebViewSettingPage.swift in Sources */,
				E673795328C5E79400C785F2 /* AddNewRemainder.swift in Sources */,
				E67EF19C28C24D3F0032A747 /* RYM.xcdatamodeld in Sources */,
				E67EF1D828C256A30032A747 /* HomeRouter.swift in Sources */,
				E67EF1CE28C255E80032A747 /* BasePresenter.swift in Sources */,
				CDCB9D1428E5C83D00973060 /* RYMWidgetView.swift in Sources */,
				E67EF1E228C2573F0032A747 /* OnboardingViewModel.swift in Sources */,
				E67EF1E028C257220032A747 /* OnboardingView.swift in Sources */,
				CD94039928EDDC00005652A2 /* CircuralWidgetView.swift in Sources */,
				CD8CB1E728E447D600354F3B /* HapticsManager.swift in Sources */,
				E67EF1D328C256430032A747 /* UIView+Extensions.swift in Sources */,
				E67EF1C628C255590032A747 /* AppConfig.swift in Sources */,
				E67379A228C8DEF100C785F2 /* Notifications.swift in Sources */,
				E67EF1CC28C255D90032A747 /* BaseRouter.swift in Sources */,
				E67EF1D128C256250032A747 /* UINavigation+Extensions.swift in Sources */,
				E6E28D0428CA322B00300FC1 /* OnboardingFeatureView.swift in Sources */,
				CD017A962912DEAC006699E7 /* TaggedView.swift in Sources */,
				E67EF1D628C256900032A747 /* HomeViewController.swift in Sources */,
				E67EF1E428C257590032A747 /* OnboardingRouter.swift in Sources */,
				CDBDEDEF290BCBBD005D87CC /* RemindersNotificationsView.swift in Sources */,
				E67EF1DD28C256F50032A747 /* RemaindersListView.swift in Sources */,
				CD1653AF28D9E8FC003BFD49 /* SettingViewModel.swift in Sources */,
				CD017A9B291409F3006699E7 /* Array+Extensions.swift in Sources */,
				CDAAA76928E70353003FABBD /* ReminderWidgetView.swift in Sources */,
				E67EF1DA28C256C50032A747 /* HomePresenter.swift in Sources */,
				CDBDEDF8290FB9A3005D87CC /* MedicineReminderMapingModel.xcmappingmodel in Sources */,
				CD86545928D074BB001CB65D /* CoreDataStack.swift in Sources */,
				CDBDEDFE290FFE58005D87CC /* TimePickerOverlay.swift in Sources */,
				CD94039428ED997D005652A2 /* UIApplication+Extensions.swift in Sources */,
				E67EF19228C24D3F0032A747 /* AppDelegate.swift in Sources */,
				E67EF1C828C255A50032A747 /* LaunchScreenView.swift in Sources */,
				CD017A992912DF5F006699E7 /* View+Extensions.swift in Sources */,
				CD94039628EDDB3C005652A2 /* InlineWidgetView.swift in Sources */,
				CD94039228ED97FB005652A2 /* KeyboardResponder.swift in Sources */,
				E673795128C5E5AA00C785F2 /* RemainderViewService.swift in Sources */,
				E673795F28C641EF00C785F2 /* MedicineReminderCard.swift in Sources */,
				CD3748B628D370730049E01F /* SettingsView.swift in Sources */,
				CDBDEDF2290BE5B4005D87CC /* MedicineReminderMapping.swift in Sources */,
			);
			runOnlyForDeploymentPostprocessing = 0;
		};
		E67EF1A328C24D410032A747 /* Sources */ = {
			isa = PBXSourcesBuildPhase;
			buildActionMask = 2147483647;
			files = (
				CD86545528D07041001CB65D /* CoreDataTest.swift in Sources */,
				CD86545C28D0B520001CB65D /* OnboardingViewModelTest.swift in Sources */,
				E625F32F28CF2FF000D24337 /* ReminderViewModelTest.swift in Sources */,
				E67EF1AC28C24D410032A747 /* RYMTests.swift in Sources */,
				CD86545E28D0B895001CB65D /* OnboardingRouterTest.swift in Sources */,
			);
			runOnlyForDeploymentPostprocessing = 0;
		};
		E67EF1AD28C24D410032A747 /* Sources */ = {
			isa = PBXSourcesBuildPhase;
			buildActionMask = 2147483647;
			files = (
				E67EF1B628C24D410032A747 /* MainScreenTests.swift in Sources */,
				CD034D4828D1E1C700106D65 /* BasePresenter.swift in Sources */,
				CD034D4228D1E18E00106D65 /* AppConfig.swift in Sources */,
				CD034D4628D1E1BB00106D65 /* HomePresenter.swift in Sources */,
				CD034D3728D1CE7E00106D65 /* AddRemainderUITests.swift in Sources */,
				CD034D4128D1E18400106D65 /* OnboardingRouter.swift in Sources */,
				CD034D4728D1E1C300106D65 /* BaseRouter.swift in Sources */,
				CD034D4428D1E19F00106D65 /* OnboardingFeatureView.swift in Sources */,
				CD034D4928D1E1CD00106D65 /* UINavigation+Extensions.swift in Sources */,
				CD034D4528D1E1B400106D65 /* HomeRouter.swift in Sources */,
			);
			runOnlyForDeploymentPostprocessing = 0;
		};
/* End PBXSourcesBuildPhase section */

/* Begin PBXTargetDependency section */
		CDCB9D0828E5BBF300973060 /* PBXTargetDependency */ = {
			isa = PBXTargetDependency;
			target = CDCB9CFA28E5BBF200973060 /* com.rym.widgetExtension */;
			targetProxy = CDCB9D0728E5BBF300973060 /* PBXContainerItemProxy */;
		};
		E67EF1A928C24D410032A747 /* PBXTargetDependency */ = {
			isa = PBXTargetDependency;
			target = E67EF18D28C24D3F0032A747 /* RYM */;
			targetProxy = E67EF1A828C24D410032A747 /* PBXContainerItemProxy */;
		};
		E67EF1B328C24D410032A747 /* PBXTargetDependency */ = {
			isa = PBXTargetDependency;
			target = E67EF18D28C24D3F0032A747 /* RYM */;
			targetProxy = E67EF1B228C24D410032A747 /* PBXContainerItemProxy */;
		};
/* End PBXTargetDependency section */

/* Begin PBXVariantGroup section */
		E67EF19F28C24D410032A747 /* LaunchScreen.storyboard */ = {
			isa = PBXVariantGroup;
			children = (
				E67EF1A028C24D410032A747 /* Base */,
			);
			name = LaunchScreen.storyboard;
			sourceTree = "<group>";
		};
/* End PBXVariantGroup section */

/* Begin XCBuildConfiguration section */
		CDCB9D0B28E5BBF300973060 /* Debug */ = {
			isa = XCBuildConfiguration;
			buildSettings = {
				ASSETCATALOG_COMPILER_GLOBAL_ACCENT_COLOR_NAME = AccentColor;
				ASSETCATALOG_COMPILER_WIDGET_BACKGROUND_COLOR_NAME = WidgetBackground;
				CLANG_CXX_LANGUAGE_STANDARD = "gnu++20";
				CODE_SIGN_ENTITLEMENTS = com.rym.widgetExtension.entitlements;
				CODE_SIGN_STYLE = Automatic;
				CURRENT_PROJECT_VERSION = 1;
				DEVELOPMENT_TEAM = R42FHEASVS;
				GENERATE_INFOPLIST_FILE = YES;
				INFOPLIST_FILE = com.rym.widget/Info.plist;
				INFOPLIST_KEY_CFBundleDisplayName = RYMw;
				INFOPLIST_KEY_NSHumanReadableCopyright = "";
				IPHONEOS_DEPLOYMENT_TARGET = 16.0;
				LD_RUNPATH_SEARCH_PATHS = (
					"$(inherited)",
					"@executable_path/Frameworks",
					"@executable_path/../../Frameworks",
				);
				MARKETING_VERSION = 1.1;
				PRODUCT_BUNDLE_IDENTIFIER = "com.RYM.com-rym-widget";
				PRODUCT_NAME = "$(TARGET_NAME)";
				SKIP_INSTALL = YES;
				SWIFT_EMIT_LOC_STRINGS = YES;
				SWIFT_VERSION = 5.0;
				TARGETED_DEVICE_FAMILY = 1;
			};
			name = Debug;
		};
		CDCB9D0C28E5BBF300973060 /* Release */ = {
			isa = XCBuildConfiguration;
			buildSettings = {
				ASSETCATALOG_COMPILER_GLOBAL_ACCENT_COLOR_NAME = AccentColor;
				ASSETCATALOG_COMPILER_WIDGET_BACKGROUND_COLOR_NAME = WidgetBackground;
				CLANG_CXX_LANGUAGE_STANDARD = "gnu++20";
				CODE_SIGN_ENTITLEMENTS = com.rym.widgetExtension.entitlements;
				CODE_SIGN_STYLE = Automatic;
				CURRENT_PROJECT_VERSION = 1;
				DEVELOPMENT_TEAM = R42FHEASVS;
				GENERATE_INFOPLIST_FILE = YES;
				INFOPLIST_FILE = com.rym.widget/Info.plist;
				INFOPLIST_KEY_CFBundleDisplayName = RYMw;
				INFOPLIST_KEY_NSHumanReadableCopyright = "";
				IPHONEOS_DEPLOYMENT_TARGET = 16.0;
				LD_RUNPATH_SEARCH_PATHS = (
					"$(inherited)",
					"@executable_path/Frameworks",
					"@executable_path/../../Frameworks",
				);
				MARKETING_VERSION = 1.1;
				PRODUCT_BUNDLE_IDENTIFIER = "com.RYM.com-rym-widget";
				PRODUCT_NAME = "$(TARGET_NAME)";
				SKIP_INSTALL = YES;
				SWIFT_EMIT_LOC_STRINGS = YES;
				SWIFT_VERSION = 5.0;
				TARGETED_DEVICE_FAMILY = 1;
			};
			name = Release;
		};
		E67EF1B928C24D410032A747 /* Debug */ = {
			isa = XCBuildConfiguration;
			buildSettings = {
				ALWAYS_SEARCH_USER_PATHS = NO;
				CLANG_ANALYZER_NONNULL = YES;
				CLANG_ANALYZER_NUMBER_OBJECT_CONVERSION = YES_AGGRESSIVE;
				CLANG_CXX_LANGUAGE_STANDARD = "gnu++17";
				CLANG_ENABLE_MODULES = YES;
				CLANG_ENABLE_OBJC_ARC = YES;
				CLANG_ENABLE_OBJC_WEAK = YES;
				CLANG_WARN_BLOCK_CAPTURE_AUTORELEASING = YES;
				CLANG_WARN_BOOL_CONVERSION = YES;
				CLANG_WARN_COMMA = YES;
				CLANG_WARN_CONSTANT_CONVERSION = YES;
				CLANG_WARN_DEPRECATED_OBJC_IMPLEMENTATIONS = YES;
				CLANG_WARN_DIRECT_OBJC_ISA_USAGE = YES_ERROR;
				CLANG_WARN_DOCUMENTATION_COMMENTS = YES;
				CLANG_WARN_EMPTY_BODY = YES;
				CLANG_WARN_ENUM_CONVERSION = YES;
				CLANG_WARN_INFINITE_RECURSION = YES;
				CLANG_WARN_INT_CONVERSION = YES;
				CLANG_WARN_NON_LITERAL_NULL_CONVERSION = YES;
				CLANG_WARN_OBJC_IMPLICIT_RETAIN_SELF = YES;
				CLANG_WARN_OBJC_LITERAL_CONVERSION = YES;
				CLANG_WARN_OBJC_ROOT_CLASS = YES_ERROR;
				CLANG_WARN_QUOTED_INCLUDE_IN_FRAMEWORK_HEADER = YES;
				CLANG_WARN_RANGE_LOOP_ANALYSIS = YES;
				CLANG_WARN_STRICT_PROTOTYPES = YES;
				CLANG_WARN_SUSPICIOUS_MOVE = YES;
				CLANG_WARN_UNGUARDED_AVAILABILITY = YES_AGGRESSIVE;
				CLANG_WARN_UNREACHABLE_CODE = YES;
				CLANG_WARN__DUPLICATE_METHOD_MATCH = YES;
				COPY_PHASE_STRIP = NO;
				DEBUG_INFORMATION_FORMAT = dwarf;
				ENABLE_STRICT_OBJC_MSGSEND = YES;
				ENABLE_TESTABILITY = YES;
				GCC_C_LANGUAGE_STANDARD = gnu11;
				GCC_DYNAMIC_NO_PIC = NO;
				GCC_NO_COMMON_BLOCKS = YES;
				GCC_OPTIMIZATION_LEVEL = 0;
				GCC_PREPROCESSOR_DEFINITIONS = (
					"DEBUG=1",
					"$(inherited)",
				);
				GCC_WARN_64_TO_32_BIT_CONVERSION = YES;
				GCC_WARN_ABOUT_RETURN_TYPE = YES_ERROR;
				GCC_WARN_UNDECLARED_SELECTOR = YES;
				GCC_WARN_UNINITIALIZED_AUTOS = YES_AGGRESSIVE;
				GCC_WARN_UNUSED_FUNCTION = YES;
				GCC_WARN_UNUSED_VARIABLE = YES;
				IPHONEOS_DEPLOYMENT_TARGET = 15.0;
				MTL_ENABLE_DEBUG_INFO = INCLUDE_SOURCE;
				MTL_FAST_MATH = YES;
				ONLY_ACTIVE_ARCH = YES;
				SDKROOT = iphoneos;
				SWIFT_ACTIVE_COMPILATION_CONDITIONS = DEBUG;
				SWIFT_OPTIMIZATION_LEVEL = "-Onone";
			};
			name = Debug;
		};
		E67EF1BA28C24D410032A747 /* Release */ = {
			isa = XCBuildConfiguration;
			buildSettings = {
				ALWAYS_SEARCH_USER_PATHS = NO;
				CLANG_ANALYZER_NONNULL = YES;
				CLANG_ANALYZER_NUMBER_OBJECT_CONVERSION = YES_AGGRESSIVE;
				CLANG_CXX_LANGUAGE_STANDARD = "gnu++17";
				CLANG_ENABLE_MODULES = YES;
				CLANG_ENABLE_OBJC_ARC = YES;
				CLANG_ENABLE_OBJC_WEAK = YES;
				CLANG_WARN_BLOCK_CAPTURE_AUTORELEASING = YES;
				CLANG_WARN_BOOL_CONVERSION = YES;
				CLANG_WARN_COMMA = YES;
				CLANG_WARN_CONSTANT_CONVERSION = YES;
				CLANG_WARN_DEPRECATED_OBJC_IMPLEMENTATIONS = YES;
				CLANG_WARN_DIRECT_OBJC_ISA_USAGE = YES_ERROR;
				CLANG_WARN_DOCUMENTATION_COMMENTS = YES;
				CLANG_WARN_EMPTY_BODY = YES;
				CLANG_WARN_ENUM_CONVERSION = YES;
				CLANG_WARN_INFINITE_RECURSION = YES;
				CLANG_WARN_INT_CONVERSION = YES;
				CLANG_WARN_NON_LITERAL_NULL_CONVERSION = YES;
				CLANG_WARN_OBJC_IMPLICIT_RETAIN_SELF = YES;
				CLANG_WARN_OBJC_LITERAL_CONVERSION = YES;
				CLANG_WARN_OBJC_ROOT_CLASS = YES_ERROR;
				CLANG_WARN_QUOTED_INCLUDE_IN_FRAMEWORK_HEADER = YES;
				CLANG_WARN_RANGE_LOOP_ANALYSIS = YES;
				CLANG_WARN_STRICT_PROTOTYPES = YES;
				CLANG_WARN_SUSPICIOUS_MOVE = YES;
				CLANG_WARN_UNGUARDED_AVAILABILITY = YES_AGGRESSIVE;
				CLANG_WARN_UNREACHABLE_CODE = YES;
				CLANG_WARN__DUPLICATE_METHOD_MATCH = YES;
				COPY_PHASE_STRIP = NO;
				DEBUG_INFORMATION_FORMAT = "dwarf-with-dsym";
				ENABLE_NS_ASSERTIONS = NO;
				ENABLE_STRICT_OBJC_MSGSEND = YES;
				GCC_C_LANGUAGE_STANDARD = gnu11;
				GCC_NO_COMMON_BLOCKS = YES;
				GCC_WARN_64_TO_32_BIT_CONVERSION = YES;
				GCC_WARN_ABOUT_RETURN_TYPE = YES_ERROR;
				GCC_WARN_UNDECLARED_SELECTOR = YES;
				GCC_WARN_UNINITIALIZED_AUTOS = YES_AGGRESSIVE;
				GCC_WARN_UNUSED_FUNCTION = YES;
				GCC_WARN_UNUSED_VARIABLE = YES;
				IPHONEOS_DEPLOYMENT_TARGET = 15.0;
				MTL_ENABLE_DEBUG_INFO = NO;
				MTL_FAST_MATH = YES;
				SDKROOT = iphoneos;
				SWIFT_COMPILATION_MODE = wholemodule;
				SWIFT_OPTIMIZATION_LEVEL = "-O";
				VALIDATE_PRODUCT = YES;
			};
			name = Release;
		};
		E67EF1BC28C24D410032A747 /* Debug */ = {
			isa = XCBuildConfiguration;
			buildSettings = {
				ALWAYS_EMBED_SWIFT_STANDARD_LIBRARIES = YES;
				ASSETCATALOG_COMPILER_APPICON_NAME = AppIcon;
				ASSETCATALOG_COMPILER_GLOBAL_ACCENT_COLOR_NAME = AccentColor;
				CODE_SIGN_ENTITLEMENTS = RYM/RYM.entitlements;
				CODE_SIGN_STYLE = Automatic;
				CURRENT_PROJECT_VERSION = 1;
				DEVELOPMENT_TEAM = R42FHEASVS;
				GENERATE_INFOPLIST_FILE = YES;
				INFOPLIST_FILE = RYM/Info.plist;
				INFOPLIST_KEY_CFBundleDisplayName = Rym;
				INFOPLIST_KEY_LSApplicationCategoryType = "public.app-category.utilities";
				INFOPLIST_KEY_UIApplicationSupportsIndirectInputEvents = YES;
				INFOPLIST_KEY_UILaunchStoryboardName = LaunchScreen;
				INFOPLIST_KEY_UISupportedInterfaceOrientations = UIInterfaceOrientationPortrait;
				INFOPLIST_KEY_UISupportedInterfaceOrientations_iPad = "UIInterfaceOrientationLandscapeLeft UIInterfaceOrientationLandscapeRight UIInterfaceOrientationPortrait UIInterfaceOrientationPortraitUpsideDown";
				INFOPLIST_KEY_UIUserInterfaceStyle = Dark;
				LD_RUNPATH_SEARCH_PATHS = (
					"$(inherited)",
					"@executable_path/Frameworks",
				);
				MARKETING_VERSION = 1.1;
				PRODUCT_BUNDLE_IDENTIFIER = com.RYM;
				PRODUCT_NAME = "$(TARGET_NAME)";
				SWIFT_EMIT_LOC_STRINGS = YES;
				SWIFT_VERSION = 5.0;
				TARGETED_DEVICE_FAMILY = 1;
			};
			name = Debug;
		};
		E67EF1BD28C24D410032A747 /* Release */ = {
			isa = XCBuildConfiguration;
			buildSettings = {
				ALWAYS_EMBED_SWIFT_STANDARD_LIBRARIES = YES;
				ASSETCATALOG_COMPILER_APPICON_NAME = AppIcon;
				ASSETCATALOG_COMPILER_GLOBAL_ACCENT_COLOR_NAME = AccentColor;
				CODE_SIGN_ENTITLEMENTS = RYM/RYM.entitlements;
				CODE_SIGN_STYLE = Automatic;
				CURRENT_PROJECT_VERSION = 1;
				DEVELOPMENT_TEAM = R42FHEASVS;
				GENERATE_INFOPLIST_FILE = YES;
				INFOPLIST_FILE = RYM/Info.plist;
				INFOPLIST_KEY_CFBundleDisplayName = Rym;
				INFOPLIST_KEY_LSApplicationCategoryType = "public.app-category.utilities";
				INFOPLIST_KEY_UIApplicationSupportsIndirectInputEvents = YES;
				INFOPLIST_KEY_UILaunchStoryboardName = LaunchScreen;
				INFOPLIST_KEY_UISupportedInterfaceOrientations = UIInterfaceOrientationPortrait;
				INFOPLIST_KEY_UISupportedInterfaceOrientations_iPad = "UIInterfaceOrientationLandscapeLeft UIInterfaceOrientationLandscapeRight UIInterfaceOrientationPortrait UIInterfaceOrientationPortraitUpsideDown";
				INFOPLIST_KEY_UIUserInterfaceStyle = Dark;
				LD_RUNPATH_SEARCH_PATHS = (
					"$(inherited)",
					"@executable_path/Frameworks",
				);
				MARKETING_VERSION = 1.1;
				PRODUCT_BUNDLE_IDENTIFIER = com.RYM;
				PRODUCT_NAME = "$(TARGET_NAME)";
				SWIFT_EMIT_LOC_STRINGS = YES;
				SWIFT_VERSION = 5.0;
				TARGETED_DEVICE_FAMILY = 1;
			};
			name = Release;
		};
		E67EF1BF28C24D410032A747 /* Debug */ = {
			isa = XCBuildConfiguration;
			buildSettings = {
				ALWAYS_EMBED_SWIFT_STANDARD_LIBRARIES = YES;
				BUNDLE_LOADER = "$(TEST_HOST)";
				CODE_SIGN_STYLE = Automatic;
				CURRENT_PROJECT_VERSION = 1;
				DEVELOPMENT_TEAM = 797DJDX23K;
				GENERATE_INFOPLIST_FILE = YES;
				IPHONEOS_DEPLOYMENT_TARGET = 15.5;
				MARKETING_VERSION = 1.0;
				PRODUCT_BUNDLE_IDENTIFIER = com.RYMTests;
				PRODUCT_NAME = "$(TARGET_NAME)";
				SWIFT_EMIT_LOC_STRINGS = NO;
				SWIFT_VERSION = 5.0;
				TARGETED_DEVICE_FAMILY = "1,2";
				TEST_HOST = "$(BUILT_PRODUCTS_DIR)/RYM.app/RYM";
			};
			name = Debug;
		};
		E67EF1C028C24D410032A747 /* Release */ = {
			isa = XCBuildConfiguration;
			buildSettings = {
				ALWAYS_EMBED_SWIFT_STANDARD_LIBRARIES = YES;
				BUNDLE_LOADER = "$(TEST_HOST)";
				CODE_SIGN_STYLE = Automatic;
				CURRENT_PROJECT_VERSION = 1;
				DEVELOPMENT_TEAM = 797DJDX23K;
				GENERATE_INFOPLIST_FILE = YES;
				IPHONEOS_DEPLOYMENT_TARGET = 15.5;
				MARKETING_VERSION = 1.0;
				PRODUCT_BUNDLE_IDENTIFIER = com.RYMTests;
				PRODUCT_NAME = "$(TARGET_NAME)";
				SWIFT_EMIT_LOC_STRINGS = NO;
				SWIFT_VERSION = 5.0;
				TARGETED_DEVICE_FAMILY = "1,2";
				TEST_HOST = "$(BUILT_PRODUCTS_DIR)/RYM.app/RYM";
			};
			name = Release;
		};
		E67EF1C228C24D410032A747 /* Debug */ = {
			isa = XCBuildConfiguration;
			buildSettings = {
				ALWAYS_EMBED_SWIFT_STANDARD_LIBRARIES = YES;
				CODE_SIGN_STYLE = Automatic;
				CURRENT_PROJECT_VERSION = 1;
				DEVELOPMENT_TEAM = 797DJDX23K;
				GENERATE_INFOPLIST_FILE = YES;
				MARKETING_VERSION = 1.0;
				PRODUCT_BUNDLE_IDENTIFIER = com.RYMUITests;
				PRODUCT_NAME = "$(TARGET_NAME)";
				SWIFT_EMIT_LOC_STRINGS = NO;
				SWIFT_VERSION = 5.0;
				TARGETED_DEVICE_FAMILY = "1,2";
				TEST_TARGET_NAME = RYM;
			};
			name = Debug;
		};
		E67EF1C328C24D410032A747 /* Release */ = {
			isa = XCBuildConfiguration;
			buildSettings = {
				ALWAYS_EMBED_SWIFT_STANDARD_LIBRARIES = YES;
				CODE_SIGN_STYLE = Automatic;
				CURRENT_PROJECT_VERSION = 1;
				DEVELOPMENT_TEAM = 797DJDX23K;
				GENERATE_INFOPLIST_FILE = YES;
				MARKETING_VERSION = 1.0;
				PRODUCT_BUNDLE_IDENTIFIER = com.RYMUITests;
				PRODUCT_NAME = "$(TARGET_NAME)";
				SWIFT_EMIT_LOC_STRINGS = NO;
				SWIFT_VERSION = 5.0;
				TARGETED_DEVICE_FAMILY = "1,2";
				TEST_TARGET_NAME = RYM;
			};
			name = Release;
		};
/* End XCBuildConfiguration section */

/* Begin XCConfigurationList section */
		CDCB9D0D28E5BBF300973060 /* Build configuration list for PBXNativeTarget "com.rym.widgetExtension" */ = {
			isa = XCConfigurationList;
			buildConfigurations = (
				CDCB9D0B28E5BBF300973060 /* Debug */,
				CDCB9D0C28E5BBF300973060 /* Release */,
			);
			defaultConfigurationIsVisible = 0;
			defaultConfigurationName = Release;
		};
		E67EF18928C24D3F0032A747 /* Build configuration list for PBXProject "RYM" */ = {
			isa = XCConfigurationList;
			buildConfigurations = (
				E67EF1B928C24D410032A747 /* Debug */,
				E67EF1BA28C24D410032A747 /* Release */,
			);
			defaultConfigurationIsVisible = 0;
			defaultConfigurationName = Release;
		};
		E67EF1BB28C24D410032A747 /* Build configuration list for PBXNativeTarget "RYM" */ = {
			isa = XCConfigurationList;
			buildConfigurations = (
				E67EF1BC28C24D410032A747 /* Debug */,
				E67EF1BD28C24D410032A747 /* Release */,
			);
			defaultConfigurationIsVisible = 0;
			defaultConfigurationName = Release;
		};
		E67EF1BE28C24D410032A747 /* Build configuration list for PBXNativeTarget "RYMTests" */ = {
			isa = XCConfigurationList;
			buildConfigurations = (
				E67EF1BF28C24D410032A747 /* Debug */,
				E67EF1C028C24D410032A747 /* Release */,
			);
			defaultConfigurationIsVisible = 0;
			defaultConfigurationName = Release;
		};
		E67EF1C128C24D410032A747 /* Build configuration list for PBXNativeTarget "RYMUITests" */ = {
			isa = XCConfigurationList;
			buildConfigurations = (
				E67EF1C228C24D410032A747 /* Debug */,
				E67EF1C328C24D410032A747 /* Release */,
			);
			defaultConfigurationIsVisible = 0;
			defaultConfigurationName = Release;
		};
/* End XCConfigurationList section */

/* Begin XCVersionGroup section */
		E67EF19A28C24D3F0032A747 /* RYM.xcdatamodeld */ = {
			isa = XCVersionGroup;
			children = (
				CDBDEDF0290BCE62005D87CC /* RYM 2.xcdatamodel */,
				E67EF19B28C24D3F0032A747 /* RYM.xcdatamodel */,
			);
			currentVersion = CDBDEDF0290BCE62005D87CC /* RYM 2.xcdatamodel */;
			path = RYM.xcdatamodeld;
			sourceTree = "<group>";
			versionGroupType = wrapper.xcdatamodel;
		};
/* End XCVersionGroup section */
	};
	rootObject = E67EF18628C24D3F0032A747 /* Project object */;
}
